
Microsoft Visual Studio Solution File, Format Version 12.00
# Visual Studio Version 17
VisualStudioVersion = 17.14.36915.13 d17.14
MinimumVisualStudioVersion = 10.0.40219.1
Project("{FAE04EC0-301F-11D3-BF4B-00C04F79EFBC}") = "TechMoveGLMS", "TechMoveGLMS\TechMoveGLMS.csproj", "{C5C7547D-5EFD-43C2-A94B-11C39BB2BCE6}"
EndProject
Project("{FAE04EC0-301F-11D3-BF4B-00C04F79EFBC}") = "TechMoveGLMS.Test", "TechMoveGLMS.Test\TechMoveGLMS.Test.csproj", "{2B97F39A-FE57-4AC2-8F78-7CE48E49D5EF}"
EndProject
Global
	GlobalSection(SolutionConfigurationPlatforms) = preSolution
		Debug|Any CPU = Debug|Any CPU
		Release|Any CPU = Release|Any CPU
	EndGlobalSection
	GlobalSection(ProjectConfigurationPlatforms) = postSolution
		{C5C7547D-5EFD-43C2-A94B-11C39BB2BCE6}.Debug|Any CPU.ActiveCfg = Debug|Any CPU
		{C5C7547D-5EFD-43C2-A94B-11C39BB2BCE6}.Debug|Any CPU.Build.0 = Debug|Any CPU
		{C5C7547D-5EFD-43C2-A94B-11C39BB2BCE6}.Release|Any CPU.ActiveCfg = Release|Any CPU
		{C5C7547D-5EFD-43C2-A94B-11C39BB2BCE6}.Release|Any CPU.Build.0 = Release|Any CPU
		{2B97F39A-FE57-4AC2-8F78-7CE48E49D5EF}.Debug|Any CPU.ActiveCfg = Debug|Any CPU
		{2B97F39A-FE57-4AC2-8F78-7CE48E49D5EF}.Debug|Any CPU.Build.0 = Debug|Any CPU
		{2B97F39A-FE57-4AC2-8F78-7CE48E49D5EF}.Release|Any CPU.ActiveCfg = Release|Any CPU
		{2B97F39A-FE57-4AC2-8F78-7CE48E49D5EF}.Release|Any CPU.Build.0 = Release|Any CPU
	EndGlobalSection
	GlobalSection(SolutionProperties) = preSolution
		HideSolutionNode = FALSE
	EndGlobalSection
	GlobalSection(ExtensibilityGlobals) = postSolution
		SolutionGuid = {47B16271-DA44-4946-B2B3-7400F4882401}
	EndGlobalSection
EndGlobal
